
Microsoft Visual Studio Solution File, Format Version 12.00
# Visual Studio 2013
VisualStudioVersion = 12.0.21005.1
MinimumVisualStudioVersion = 10.0.40219.1
Project("{FAE04EC0-301F-11D3-BF4B-00C04F79EFBC}") = "RIQBoardProject", "RIQBoardProject\RIQBoardProject.csproj", "{DB5A6F73-0CBF-4574-B2F8-16EA7BE904CD}"
EndProject
Global
	GlobalSection(SolutionConfigurationPlatforms) = preSolution
		Debug|Any CPU = Debug|Any CPU
		Release|Any CPU = Release|Any CPU
	EndGlobalSection
	GlobalSection(ProjectConfigurationPlatforms) = postSolution
		{DB5A6F73-0CBF-4574-B2F8-16EA7BE904CD}.Debug|Any CPU.ActiveCfg = Debug|Any CPU
		{DB5A6F73-0CBF-4574-B2F8-16EA7BE904CD}.Debug|Any CPU.Build.0 = Debug|Any CPU
		{DB5A6F73-0CBF-4574-B2F8-16EA7BE904CD}.Release|Any CPU.ActiveCfg = Release|Any CPU
		{DB5A6F73-0CBF-4574-B2F8-16EA7BE904CD}.Release|Any CPU.Build.0 = Release|Any CPU
	EndGlobalSection
	GlobalSection(SolutionProperties) = preSolution
		HideSolutionNode = FALSE
	EndGlobalSection
EndGlobal
